Microsoft Visual Studio Solution File, Format Version 12.00
# Visual Studio Version 17
VisualStudioVersion = 17.5.2.0
MinimumVisualStudioVersion = 10.0.40219.1
Project("{FAE04EC0-301F-11D3-BF4B-00C04F79EFBC}") = "EstoqueApp", "EstoqueApp\EstoqueApp.csproj", "{3DD83716-47B0-173F-36B6-9A14B288F04F}"
EndProject
Global
	GlobalSection(SolutionConfigurationPlatforms) = preSolution
		Debug|Any CPU = Debug|Any CPU
		Release|Any CPU = Release|Any CPU
	EndGlobalSection
	GlobalSection(ProjectConfigurationPlatforms) = postSolution
		{3DD83716-47B0-173F-36B6-9A14B288F04F}.Debug|Any CPU.ActiveCfg = Debug|Any CPU
		{3DD83716-47B0-173F-36B6-9A14B288F04F}.Debug|Any CPU.Build.0 = Debug|Any CPU
		{3DD83716-47B0-173F-36B6-9A14B288F04F}.Release|Any CPU.ActiveCfg = Release|Any CPU
		{3DD83716-47B0-173F-36B6-9A14B288F04F}.Release|Any CPU.Build.0 = Release|Any CPU
	EndGlobalSection
	GlobalSection(SolutionProperties) = preSolution
		HideSolutionNode = FALSE
	EndGlobalSection
	GlobalSection(ExtensibilityGlobals) = postSolution
		SolutionGuid = {074BE74D-E457-4B13-A924-B664EC5B4AFD}
	EndGlobalSection
EndGlobal
